// !$*UTF8*$!
{
	archiveVersion = 1;
	classes = {
	};
	objectVersion = 50;
	objects = {

/* Begin PBXBuildFile section */
		BAFE0C5723A4AE860033C39A /* AppDelegate.swift in Sources */ = {isa = PBXBuildFile; fileRef = BAFE0C5623A4AE860033C39A /* AppDelegate.swift */; };
		BAFE0C5923A4AE860033C39A /* SceneDelegate.swift in Sources */ = {isa = PBXBuildFile; fileRef = BAFE0C5823A4AE860033C39A /* SceneDelegate.swift */; };
		BAFE0C5B23A4AE860033C39A /* ViewController.swift in Sources */ = {isa = PBXBuildFile; fileRef = BAFE0C5A23A4AE860033C39A /* ViewController.swift */; };
		BAFE0C5E23A4AE860033C39A /* Main.storyboard in Resources */ = {isa = PBXBuildFile; fileRef = BAFE0C5C23A4AE860033C39A /* Main.storyboard */; };
		BAFE0C6023A4AE880033C39A /* Assets.xcassets in Resources */ = {isa = PBXBuildFile; fileRef = BAFE0C5F23A4AE880033C39A /* Assets.xcassets */; };
		BAFE0C6323A4AE880033C39A /* LaunchScreen.storyboard in Resources */ = {isa = PBXBuildFile; fileRef = BAFE0C6123A4AE880033C39A /* LaunchScreen.storyboard */; };
		BAFE0C6B23A4AF160033C39A /* GoogleService-Info.plist in Resources */ = {isa = PBXBuildFile; fileRef = BAFE0C6A23A4AF160033C39A /* GoogleService-Info.plist */; };
		C2BF7B760A6E55D93EC62280 /* Pods_hellofirebase02.framework in Frameworks */ = {isa = PBXBuildFile; fileRef = 8E41DB222A1833CD8BA17933 /* Pods_hellofirebase02.framework */; };
/* End PBXBuildFile section */

/* Begin PBXFileReference section */
		29E62DF44FC0C69C770D654C /* Pods-hellofirebase02.debug.xcconfig */ = {isa = PBXFileReference; includeInIndex = 1; lastKnownFileType = text.xcconfig; name = "Pods-hellofirebase02.debug.xcconfig"; path = "Target Support Files/Pods-hellofirebase02/Pods-hellofirebase02.debug.xcconfig"; sourceTree = "<group>"; };
		710016308DB86D6E85168584 /* Pods-hellofirebase02.release.xcconfig */ = {isa = PBXFileReference; includeInIndex = 1; lastKnownFileType = text.xcconfig; name = "Pods-hellofirebase02.release.xcconfig"; path = "Target Support Files/Pods-hellofirebase02/Pods-hellofirebase02.release.xcconfig"; sourceTree = "<group>"; };
		8E41DB222A1833CD8BA17933 /* Pods_hellofirebase02.framework */ = {isa = PBXFileReference; explicitFileType = wrapper.framework; includeInIndex = 0; path = Pods_hellofirebase02.framework; sourceTree = BUILT_PRODUCTS_DIR; };
		BAFE0C5323A4AE860033C39A /* hellofirebase02.app */ = {isa = PBXFileReference; explicitFileType = wrapper.application; includeInIndex = 0; path = hellofirebase02.app; sourceTree = BUILT_PRODUCTS_DIR; };
		BAFE0C5623A4AE860033C39A /* AppDelegate.swift */ = {isa = PBXFileReference; lastKnownFileType = sourcecode.swift; path = AppDelegate.swift; sourceTree = "<group>"; };
		BAFE0C5823A4AE860033C39A /* SceneDelegate.swift */ = {isa = PBXFileReference; lastKnownFileType = sourcecode.swift; path = SceneDelegate.swift; sourceTree = "<group>"; };
		BAFE0C5A23A4AE860033C39A /* ViewController.swift */ = {isa = PBXFileReference; lastKnownFileType = sourcecode.swift; path = ViewController.swift; sourceTree = "<group>"; };
		BAFE0C5D23A4AE860033C39A /* Base */ = {isa = PBXFileReference; lastKnownFileType = file.storyboard; name = Base; path = Base.lproj/Main.storyboard; sourceTree = "<group>"; };
		BAFE0C5F23A4AE880033C39A /* Assets.xcassets */ = {isa = PBXFileReference; lastKnownFileType = folder.assetcatalog; path = Assets.xcassets; sourceTree = "<group>"; };
		BAFE0C6223A4AE880033C39A /* Base */ = {isa = PBXFileReference; lastKnownFileType = file.storyboard; name = Base; path = Base.lproj/LaunchScreen.storyboard; sourceTree = "<group>"; };
		BAFE0C6423A4AE880033C39A /* Info.plist */ = {isa = PBXFileReference; lastKnownFileType = text.plist.xml; path = Info.plist; sourceTree = "<group>"; };
		BAFE0C6A23A4AF160033C39A /* GoogleService-Info.plist */ = {isa = PBXFileReference; fileEncoding = 4; lastKnownFileType = text.plist.xml; path = "GoogleService-Info.plist"; sourceTree = "<group>"; };
/* End PBXFileReference section */

/* Begin PBXFrameworksBuildPhase section */
		BAFE0C5023A4AE860033C39A /* Frameworks */ = {
			isa = PBXFrameworksBuildPhase;
			buildActionMask = 2147483647;
			files = (
				C2BF7B760A6E55D93EC62280 /* Pods_hellofirebase02.framework in Frameworks */,
			);
			runOnlyForDeploymentPostprocessing = 0;
		};
/* End PBXFrameworksBuildPhase section */

/* Begin PBXGroup section */
		84CC6889A0E0227E91ED00C6 /* Frameworks */ = {
			isa = PBXGroup;
			children = (
				8E41DB222A1833CD8BA17933 /* Pods_hellofirebase02.framework */,
			);
			name = Frameworks;
			sourceTree = "<group>";
		};
		B8A62FFB2AD96F17D50B520D /* Pods */ = {
			isa = PBXGroup;
			children = (
				29E62DF44FC0C69C770D654C /* Pods-hellofirebase02.debug.xcconfig */,
				710016308DB86D6E85168584 /* Pods-hellofirebase02.release.xcconfig */,
			);
			name = Pods;
			path = Pods;
			sourceTree = "<group>";
		};
		BAFE0C4A23A4AE860033C39A = {
			isa = PBXGroup;
			children = (
				BAFE0C5523A4AE860033C39A /* hellofirebase02 */,
				BAFE0C5423A4AE860033C39A /* Products */,
				B8A62FFB2AD96F17D50B520D /* Pods */,
				84CC6889A0E0227E91ED00C6 /* Frameworks */,
			);
			sourceTree = "<group>";
		};
		BAFE0C5423A4AE860033C39A /* Products */ = {
			isa = PBXGroup;
			children = (
				BAFE0C5323A4AE860033C39A /* hellofirebase02.app */,
			);
			name = Products;
			sourceTree = "<group>";
		};
		BAFE0C5523A4AE860033C39A /* hellofirebase02 */ = {
			isa = PBXGroup;
			children = (
				BAFE0C5623A4AE860033C39A /* AppDelegate.swift */,
				BAFE0C5823A4AE860033C39A /* SceneDelegate.swift */,
				BAFE0C5A23A4AE860033C39A /* ViewController.swift */,
				BAFE0C5C23A4AE860033C39A /* Main.storyboard */,
				BAFE0C6A23A4AF160033C39A /* GoogleService-Info.plist */,
				BAFE0C5F23A4AE880033C39A /* Assets.xcassets */,
				BAFE0C6123A4AE880033C39A /* LaunchScreen.storyboard */,
				BAFE0C6423A4AE880033C39A /* Info.plist */,
			);
			path = hellofirebase02;
			sourceTree = "<group>";
		};
/* End PBXGroup section */

/* Begin PBXNativeTarget section */
		BAFE0C5223A4AE860033C39A /* hellofirebase02 */ = {
			isa = PBXNativeTarget;
			buildConfigurationList = BAFE0C6723A4AE880033C39A /* Build configuration list for PBXNativeTarget "hellofirebase02" */;
			buildPhases = (
				4A52C74CB8C13EB808BE22F8 /* [CP] Check Pods Manifest.lock */,
				BAFE0C4F23A4AE860033C39A /* Sources */,
				BAFE0C5023A4AE860033C39A /* Frameworks */,
				BAFE0C5123A4AE860033C39A /* Resources */,
				B9FFA1BEFF79EE23B5E01634 /* [CP] Embed Pods Frameworks */,
			);
			buildRules = (
			);
			dependencies = (
			);
			name = hellofirebase02;
			productName = hellofirebase02;
			productReference = BAFE0C5323A4AE860033C39A /* hellofirebase02.app */;
			productType = "com.apple.product-type.application";
		};
/* End PBXNativeTarget section */

/* Begin PBXProject section */
		BAFE0C4B23A4AE860033C39A /* Project object */ = {
			isa = PBXProject;
			attributes = {
				LastSwiftUpdateCheck = 1120;
				LastUpgradeCheck = 1120;
				ORGANIZATIONNAME = "申潤五";
				TargetAttributes = {
					BAFE0C5223A4AE860033C39A = {
						CreatedOnToolsVersion = 11.2.1;
					};
				};
			};
			buildConfigurationList = BAFE0C4E23A4AE860033C39A /* Build configuration list for PBXProject "hellofirebase02" */;
			compatibilityVersion = "Xcode 9.3";
			developmentRegion = en;
			hasScannedForEncodings = 0;
			knownRegions = (
				en,
				Base,
			);
			mainGroup = BAFE0C4A23A4AE860033C39A;
			productRefGroup = BAFE0C5423A4AE860033C39A /* Products */;
			projectDirPath = "";
			projectRoot = "";
			targets = (
				BAFE0C5223A4AE860033C39A /* hellofirebase02 */,
			);
		};
/* End PBXProject section */

/* Begin PBXResourcesBuildPhase section */
		BAFE0C5123A4AE860033C39A /* Resources */ = {
			isa = PBXResourcesBuildPhase;
			buildActionMask = 2147483647;
			files = (
				BAFE0C6323A4AE880033C39A /* LaunchScreen.storyboard in Resources */,
				BAFE0C6B23A4AF160033C39A /* GoogleService-Info.plist in Resources */,
				BAFE0C6023A4AE880033C39A /* Assets.xcassets in Resources */,
				BAFE0C5E23A4AE860033C39A /* Main.storyboard in Resources */,
			);
			runOnlyForDeploymentPostprocessing = 0;
		};
/* End PBXResourcesBuildPhase section */

/* Begin PBXShellScriptBuildPhase section */
		4A52C74CB8C13EB808BE22F8 /* [CP] Check Pods Manifest.lock */ = {
			isa = PBXShellScriptBuildPhase;
			buildActionMask = 2147483647;
			files = (
			);
			inputFileListPaths = (
			);
			inputPaths = (
				"${PODS_PODFILE_DIR_PATH}/Podfile.lock",
				"${PODS_ROOT}/Manifest.lock",
			);
			name = "[CP] Check Pods Manifest.lock";
			outputFileListPaths = (
			);
			outputPaths = (
				"$(DERIVED_FILE_DIR)/Pods-hellofirebase02-checkManifestLockResult.txt",
			);
			runOnlyForDeploymentPostprocessing = 0;
			shellPath = /bin/sh;
			shellScript = "diff \"${PODS_PODFILE_DIR_PATH}/Podfile.lock\" \"${PODS_ROOT}/Manifest.lock\" > /dev/null\nif [ $? != 0 ] ; then\n    # print error to STDERR\n    echo \"error: The sandbox is not in sync with the Podfile.lock. Run 'pod install' or update your CocoaPods installation.\" >&2\n    exit 1\nfi\n# This output is used by Xcode 'outputs' to avoid re-running this script phase.\necho \"SUCCESS\" > \"${SCRIPT_OUTPUT_FILE_0}\"\n";
			showEnvVarsInLog = 0;
		};
		B9FFA1BEFF79EE23B5E01634 /* [CP] Embed Pods Frameworks */ = {
			isa = PBXShellScriptBuildPhase;
			buildActionMask = 2147483647;
			files = (
			);
			inputFileListPaths = (
				"${PODS_ROOT}/Target Support Files/Pods-hellofirebase02/Pods-hellofirebase02-frameworks-${CONFIGURATION}-input-files.xcfilelist",
			);
			name = "[CP] Embed Pods Frameworks";
			outputFileListPaths = (
				"${PODS_ROOT}/Target Support Files/Pods-hellofirebase02/Pods-hellofirebase02-frameworks-${CONFIGURATION}-output-files.xcfilelist",
			);
			runOnlyForDeploymentPostprocessing = 0;
			shellPath = /bin/sh;
			shellScript = "\"${PODS_ROOT}/Target Support Files/Pods-hellofirebase02/Pods-hellofirebase02-frameworks.sh\"\n";
			showEnvVarsInLog = 0;
		};
/* End PBXShellScriptBuildPhase section */

/* Begin PBXSourcesBuildPhase section */
		BAFE0C4F23A4AE860033C39A /* Sources */ = {
			isa = PBXSourcesBuildPhase;
			buildActionMask = 2147483647;
			files = (
				BAFE0C5B23A4AE860033C39A /* ViewController.swift in Sources */,
				BAFE0C5723A4AE860033C39A /* AppDelegate.swift in Sources */,
				BAFE0C5923A4AE860033C39A /* SceneDelegate.swift in Sources */,
			);
			runOnlyForDeploymentPostprocessing = 0;
		};
/* End PBXSourcesBuildPhase section */

/* Begin PBXVariantGroup section */
		BAFE0C5C23A4AE860033C39A /* Main.storyboard */ = {
			isa = PBXVariantGroup;
			children = (
				BAFE0C5D23A4AE860033C39A /* Base */,
			);
			name = Main.storyboard;
			sourceTree = "<group>";
		};
		BAFE0C6123A4AE880033C39A /* LaunchScreen.storyboard */ = {
			isa = PBXVariantGroup;
			children = (
				BAFE0C6223A4AE880033C39A /* Base */,
			);
			name = LaunchScreen.storyboard;
			sourceTree = "<group>";
		};
/* End PBXVariantGroup section */

/* Begin XCBuildConfiguration section */
		BAFE0C6523A4AE880033C39A /* Debug */ = {
			isa = XCBuildConfiguration;
			buildSettings = {
				ALWAYS_SEARCH_USER_PATHS = NO;
				CLANG_ANALYZER_NONNULL = YES;
				CLANG_ANALYZER_NUMBER_OBJECT_CONVERSION = YES_AGGRESSIVE;
				CLANG_CXX_LANGUAGE_STANDARD = "gnu++14";
				CLANG_CXX_LIBRARY = "libc++";
				CLANG_ENABLE_MODULES = YES;
				CLANG_ENABLE_OBJC_ARC = YES;
				CLANG_ENABLE_OBJC_WEAK = YES;
				CLANG_WARN_BLOCK_CAPTURE_AUTORELEASING = YES;
				CLANG_WARN_BOOL_CONVERSION = YES;
				CLANG_WARN_COMMA = YES;
				CLANG_WARN_CONSTANT_CONVERSION = YES;
				CLANG_WARN_DEPRECATED_OBJC_IMPLEMENTATIONS = YES;
				CLANG_WARN_DIRECT_OBJC_ISA_USAGE = YES_ERROR;
				CLANG_WARN_DOCUMENTATION_COMMENTS = YES;
				CLANG_WARN_EMPTY_BODY = YES;
				CLANG_WARN_ENUM_CONVERSION = YES;
				CLANG_WARN_INFINITE_RECURSION = YES;
				CLANG_WARN_INT_CONVERSION = YES;
				CLANG_WARN_NON_LITERAL_NULL_CONVERSION = YES;
				CLANG_WARN_OBJC_IMPLICIT_RETAIN_SELF = YES;
				CLANG_WARN_OBJC_LITERAL_CONVERSION = YES;
				CLANG_WARN_OBJC_ROOT_CLASS = YES_ERROR;
				CLANG_WARN_RANGE_LOOP_ANALYSIS = YES;
				CLANG_WARN_STRICT_PROTOTYPES = YES;
				CLANG_WARN_SUSPICIOUS_MOVE = YES;
				CLANG_WARN_UNGUARDED_AVAILABILITY = YES_AGGRESSIVE;
				CLANG_WARN_UNREACHABLE_CODE = YES;
				CLANG_WARN__DUPLICATE_METHOD_MATCH = YES;
				COPY_PHASE_STRIP = NO;
				DEBUG_INFORMATION_FORMAT = dwarf;
				ENABLE_STRICT_OBJC_MSGSEND = YES;
				ENABLE_TESTABILITY = YES;
				GCC_C_LANGUAGE_STANDARD = gnu11;
				GCC_DYNAMIC_NO_PIC = NO;
				GCC_NO_COMMON_BLOCKS = YES;
				GCC_OPTIMIZATION_LEVEL = 0;
				GCC_PREPROCESSOR_DEFINITIONS = (
					"DEBUG=1",
					"$(inherited)",
				);
				GCC_WARN_64_TO_32_BIT_CONVERSION = YES;
				GCC_WARN_ABOUT_RETURN_TYPE = YES_ERROR;
				GCC_WARN_UNDECLARED_SELECTOR = YES;
				GCC_WARN_UNINITIALIZED_AUTOS = YES_AGGRESSIVE;
				GCC_WARN_UNUSED_FUNCTION = YES;
				GCC_WARN_UNUSED_VARIABLE = YES;
				IPHONEOS_DEPLOYMENT_TARGET = 13.2;
				MTL_ENABLE_DEBUG_INFO = INCLUDE_SOURCE;
				MTL_FAST_MATH = YES;
				ONLY_ACTIVE_ARCH = YES;
				SDKROOT = iphoneos;
				SWIFT_ACTIVE_COMPILATION_CONDITIONS = DEBUG;
				SWIFT_OPTIMIZATION_LEVEL = "-Onone";
			};
			name = Debug;
		};
		BAFE0C6623A4AE880033C39A /* Release */ = {
			isa = XCBuildConfiguration;
			buildSettings = {
				ALWAYS_SEARCH_USER_PATHS = NO;
				CLANG_ANALYZER_NONNULL = YES;
				CLANG_ANALYZER_NUMBER_OBJECT_CONVERSION = YES_AGGRESSIVE;
				CLANG_CXX_LANGUAGE_STANDARD = "gnu++14";
				CLANG_CXX_LIBRARY = "libc++";
				CLANG_ENABLE_MODULES = YES;
				CLANG_ENABLE_OBJC_ARC = YES;
				CLANG_ENABLE_OBJC_WEAK = YES;
				CLANG_WARN_BLOCK_CAPTURE_AUTORELEASING = YES;
				CLANG_WARN_BOOL_CONVERSION = YES;
				CLANG_WARN_COMMA = YES;
				CLANG_WARN_CONSTANT_CONVERSION = YES;
				CLANG_WARN_DEPRECATED_OBJC_IMPLEMENTATIONS = YES;
				CLANG_WARN_DIRECT_OBJC_ISA_USAGE = YES_ERROR;
				CLANG_WARN_DOCUMENTATION_COMMENTS = YES;
				CLANG_WARN_EMPTY_BODY = YES;
				CLANG_WARN_ENUM_CONVERSION = YES;
				CLANG_WARN_INFINITE_RECURSION = YES;
				CLANG_WARN_INT_CONVERSION = YES;
				CLANG_WARN_NON_LITERAL_NULL_CONVERSION = YES;
				CLANG_WARN_OBJC_IMPLICIT_RETAIN_SELF = YES;
				CLANG_WARN_OBJC_LITERAL_CONVERSION = YES;
				CLANG_WARN_OBJC_ROOT_CLASS = YES_ERROR;
				CLANG_WARN_RANGE_LOOP_ANALYSIS = YES;
				CLANG_WARN_STRICT_PROTOTYPES = YES;
				CLANG_WARN_SUSPICIOUS_MOVE = YES;
				CLANG_WARN_UNGUARDED_AVAILABILITY = YES_AGGRESSIVE;
				CLANG_WARN_UNREACHABLE_CODE = YES;
				CLANG_WARN__DUPLICATE_METHOD_MATCH = YES;
				COPY_PHASE_STRIP = NO;
				DEBUG_INFORMATION_FORMAT = "dwarf-with-dsym";
				ENABLE_NS_ASSERTIONS = NO;
				ENABLE_STRICT_OBJC_MSGSEND = YES;
				GCC_C_LANGUAGE_STANDARD = gnu11;
				GCC_NO_COMMON_BLOCKS = YES;
				GCC_WARN_64_TO_32_BIT_CONVERSION = YES;
				GCC_WARN_ABOUT_RETURN_TYPE = YES_ERROR;
				GCC_WARN_UNDECLARED_SELECTOR = YES;
				GCC_WARN_UNINITIALIZED_AUTOS = YES_AGGRESSIVE;
				GCC_WARN_UNUSED_FUNCTION = YES;
				GCC_WARN_UNUSED_VARIABLE = YES;
				IPHONEOS_DEPLOYMENT_TARGET = 13.2;
				MTL_ENABLE_DEBUG_INFO = NO;
				MTL_FAST_MATH = YES;
				SDKROOT = iphoneos;
				SWIFT_COMPILATION_MODE = wholemodule;
				SWIFT_OPTIMIZATION_LEVEL = "-O";
				VALIDATE_PRODUCT = YES;
			};
			name = Release;
		};
		BAFE0C6823A4AE880033C39A /* Debug */ = {
			isa = XCBuildConfiguration;
			baseConfigurationReference = 29E62DF44FC0C69C770D654C /* Pods-hellofirebase02.debug.xcconfig */;
			buildSettings = {
				ASSETCATALOG_COMPILER_APPICON_NAME = AppIcon;
				CODE_SIGN_STYLE = Automatic;
				DEVELOPMENT_TEAM = XSVW22JPST;
				INFOPLIST_FILE = hellofirebase02/Info.plist;
				LD_RUNPATH_SEARCH_PATHS = (
					"$(inherited)",
					"@executable_path/Frameworks",
				);
				PRODUCT_BUNDLE_IDENTIFIER = idev.sjw.hellofirebase02;
				PRODUCT_NAME = "$(TARGET_NAME)";
				SWIFT_VERSION = 5.0;
				TARGETED_DEVICE_FAMILY = "1,2";
			};
			name = Debug;
		};
		BAFE0C6923A4AE880033C39A /* Release */ = {
			isa = XCBuildConfiguration;
			baseConfigurationReference = 710016308DB86D6E85168584 /* Pods-hellofirebase02.release.xcconfig */;
			buildSettings = {
				ASSETCATALOG_COMPILER_APPICON_NAME = AppIcon;
				CODE_SIGN_STYLE = Automatic;
				DEVELOPMENT_TEAM = XSVW22JPST;
				INFOPLIST_FILE = hellofirebase02/Info.plist;
				LD_RUNPATH_SEARCH_PATHS = (
					"$(inherited)",
					"@executable_path/Frameworks",
				);
				PRODUCT_BUNDLE_IDENTIFIER = idev.sjw.hellofirebase02;
				PRODUCT_NAME = "$(TARGET_NAME)";
				SWIFT_VERSION = 5.0;
				TARGETED_DEVICE_FAMILY = "1,2";
			};
			name = Release;
		};
/* End XCBuildConfiguration section */

/* Begin XCConfigurationList section */
		BAFE0C4E23A4AE860033C39A /* Build configuration list for PBXProject "hellofirebase02" */ = {
			isa = XCConfigurationList;
			buildConfigurations = (
				BAFE0C6523A4AE880033C39A /* Debug */,
				BAFE0C6623A4AE880033C39A /* Release */,
			);
			defaultConfigurationIsVisible = 0;
			defaultConfigurationName = Release;
		};
		BAFE0C6723A4AE880033C39A /* Build configuration list for PBXNativeTarget "hellofirebase02" */ = {
			isa = XCConfigurationList;
			buildConfigurations = (
				BAFE0C6823A4AE880033C39A /* Debug */,
				BAFE0C6923A4AE880033C39A /* Release */,
			);
			defaultConfigurationIsVisible = 0;
			defaultConfigurationName = Release;
		};
/* End XCConfigurationList section */
	};
	rootObject = BAFE0C4B23A4AE860033C39A /* Project object */;
}
